
Microsoft Visual Studio Solution File, Format Version 12.00
# Visual Studio Version 17
VisualStudioVersion = 17.1.32421.90
MinimumVisualStudioVersion = 10.0.40219.1
Project("{888888A0-9F3D-457C-B088-3A5042F75D52}") = "SPAS_10", "SPAS_10.pyproj", "{3787800E-D690-4675-A39B-3CF26678307C}"
EndProject
Global
	GlobalSection(SolutionConfigurationPlatforms) = preSolution
		Debug|Any CPU = Debug|Any CPU
		Release|Any CPU = Release|Any CPU
	EndGlobalSection
	GlobalSection(ProjectConfigurationPlatforms) = postSolution
		{3787800E-D690-4675-A39B-3CF26678307C}.Debug|Any CPU.ActiveCfg = Debug|Any CPU
		{3787800E-D690-4675-A39B-3CF26678307C}.Release|Any CPU.ActiveCfg = Release|Any CPU
	EndGlobalSection
	GlobalSection(SolutionProperties) = preSolution
		HideSolutionNode = FALSE
	EndGlobalSection
	GlobalSection(ExtensibilityGlobals) = postSolution
		SolutionGuid = {D0BA73FF-DEB2-42E1-A1A1-2BD3B623EADA}
	EndGlobalSection
EndGlobal
