
Microsoft Visual Studio Solution File, Format Version 12.00
# Visual Studio Version 17
VisualStudioVersion = 17.1.32421.90
MinimumVisualStudioVersion = 10.0.40219.1
Project("{888888A0-9F3D-457C-B088-3A5042F75D52}") = "SPAS_10(b)", "SPAS_10(b).pyproj", "{8A5EB575-93A3-43D9-8E42-3FCF7FE612C5}"
EndProject
Global
	GlobalSection(SolutionConfigurationPlatforms) = preSolution
		Debug|Any CPU = Debug|Any CPU
		Release|Any CPU = Release|Any CPU
	EndGlobalSection
	GlobalSection(ProjectConfigurationPlatforms) = postSolution
		{8A5EB575-93A3-43D9-8E42-3FCF7FE612C5}.Debug|Any CPU.ActiveCfg = Debug|Any CPU
		{8A5EB575-93A3-43D9-8E42-3FCF7FE612C5}.Release|Any CPU.ActiveCfg = Release|Any CPU
	EndGlobalSection
	GlobalSection(SolutionProperties) = preSolution
		HideSolutionNode = FALSE
	EndGlobalSection
	GlobalSection(ExtensibilityGlobals) = postSolution
		SolutionGuid = {9C82C519-7D1A-4A87-B38D-66FADA2FA5CA}
	EndGlobalSection
EndGlobal
